// !$*UTF8*$!
{
	archiveVersion = 1;
	classes = {
	};
	objectVersion = 46;
	objects = {

/* Begin PBXBuildFile section */
		90ADA0641C611B0100DE946B /* AppDelegate.swift in Sources */ = {isa = PBXBuildFile; fileRef = 90ADA0631C611B0100DE946B /* AppDelegate.swift */; };
		90ADA0661C611B0100DE946B /* ViewController.swift in Sources */ = {isa = PBXBuildFile; fileRef = 90ADA0651C611B0100DE946B /* ViewController.swift */; };
		90ADA0691C611B0100DE946B /* Main.storyboard in Resources */ = {isa = PBXBuildFile; fileRef = 90ADA0671C611B0100DE946B /* Main.storyboard */; };
		90ADA06B1C611B0100DE946B /* Assets.xcassets in Resources */ = {isa = PBXBuildFile; fileRef = 90ADA06A1C611B0100DE946B /* Assets.xcassets */; };
		90ADA06E1C611B0100DE946B /* LaunchScreen.storyboard in Resources */ = {isa = PBXBuildFile; fileRef = 90ADA06C1C611B0100DE946B /* LaunchScreen.storyboard */; };
		90D2872A1C6666FA00824B0E /* SignInRootViewController.swift in Sources */ = {isa = PBXBuildFile; fileRef = 90D287291C6666FA00824B0E /* SignInRootViewController.swift */; };
		90D2872C1C66684900824B0E /* CreateAccountRootViewController.swift in Sources */ = {isa = PBXBuildFile; fileRef = 90D2872B1C66684900824B0E /* CreateAccountRootViewController.swift */; };
		90D2872E1C66711000824B0E /* SignInViewController.swift in Sources */ = {isa = PBXBuildFile; fileRef = 90D2872D1C66711000824B0E /* SignInViewController.swift */; };
		90D287301C6673F600824B0E /* CreateAccountViewController.swift in Sources */ = {isa = PBXBuildFile; fileRef = 90D2872F1C6673F600824B0E /* CreateAccountViewController.swift */; };
		90D287321C66806700824B0E /* SettingsViewController.swift in Sources */ = {isa = PBXBuildFile; fileRef = 90D287311C66806700824B0E /* SettingsViewController.swift */; };
		90D287401C67AAFC00824B0E /* photosViewController.swift in Sources */ = {isa = PBXBuildFile; fileRef = 90D2873F1C67AAFC00824B0E /* photosViewController.swift */; };
		90D287421C67AFF400824B0E /* welcomeViewController.swift in Sources */ = {isa = PBXBuildFile; fileRef = 90D287411C67AFF400824B0E /* welcomeViewController.swift */; };
/* End PBXBuildFile section */

/* Begin PBXFileReference section */
		90ADA0601C611B0100DE946B /* dropbox.app */ = {isa = PBXFileReference; explicitFileType = wrapper.application; includeInIndex = 0; path = dropbox.app; sourceTree = BUILT_PRODUCTS_DIR; };
		90ADA0631C611B0100DE946B /* AppDelegate.swift */ = {isa = PBXFileReference; lastKnownFileType = sourcecode.swift; path = AppDelegate.swift; sourceTree = "<group>"; };
		90ADA0651C611B0100DE946B /* ViewController.swift */ = {isa = PBXFileReference; lastKnownFileType = sourcecode.swift; path = ViewController.swift; sourceTree = "<group>"; };
		90ADA0681C611B0100DE946B /* Base */ = {isa = PBXFileReference; lastKnownFileType = file.storyboard; name = Base; path = Base.lproj/Main.storyboard; sourceTree = "<group>"; };
		90ADA06A1C611B0100DE946B /* Assets.xcassets */ = {isa = PBXFileReference; lastKnownFileType = folder.assetcatalog; path = Assets.xcassets; sourceTree = "<group>"; };
		90ADA06D1C611B0100DE946B /* Base */ = {isa = PBXFileReference; lastKnownFileType = file.storyboard; name = Base; path = Base.lproj/LaunchScreen.storyboard; sourceTree = "<group>"; };
		90ADA06F1C611B0100DE946B /* Info.plist */ = {isa = PBXFileReference; lastKnownFileType = text.plist.xml; path = Info.plist; sourceTree = "<group>"; };
		90D287291C6666FA00824B0E /* SignInRootViewController.swift */ = {isa = PBXFileReference; fileEncoding = 4; lastKnownFileType = sourcecode.swift; path = SignInRootViewController.swift; sourceTree = "<group>"; };
		90D2872B1C66684900824B0E /* CreateAccountRootViewController.swift */ = {isa = PBXFileReference; fileEncoding = 4; lastKnownFileType = sourcecode.swift; path = CreateAccountRootViewController.swift; sourceTree = "<group>"; };
		90D2872D1C66711000824B0E /* SignInViewController.swift */ = {isa = PBXFileReference; fileEncoding = 4; lastKnownFileType = sourcecode.swift; path = SignInViewController.swift; sourceTree = "<group>"; };
		90D2872F1C6673F600824B0E /* CreateAccountViewController.swift */ = {isa = PBXFileReference; fileEncoding = 4; lastKnownFileType = sourcecode.swift; path = CreateAccountViewController.swift; sourceTree = "<group>"; };
		90D287311C66806700824B0E /* SettingsViewController.swift */ = {isa = PBXFileReference; fileEncoding = 4; lastKnownFileType = sourcecode.swift; path = SettingsViewController.swift; sourceTree = "<group>"; };
		90D2873F1C67AAFC00824B0E /* photosViewController.swift */ = {isa = PBXFileReference; fileEncoding = 4; lastKnownFileType = sourcecode.swift; path = photosViewController.swift; sourceTree = SOURCE_ROOT; };
		90D287411C67AFF400824B0E /* welcomeViewController.swift */ = {isa = PBXFileReference; fileEncoding = 4; lastKnownFileType = sourcecode.swift; path = welcomeViewController.swift; sourceTree = "<group>"; };
/* End PBXFileReference section */

/* Begin PBXFrameworksBuildPhase section */
		90ADA05D1C611B0100DE946B /* Frameworks */ = {
			isa = PBXFrameworksBuildPhase;
			buildActionMask = 2147483647;
			files = (
			);
			runOnlyForDeploymentPostprocessing = 0;
		};
/* End PBXFrameworksBuildPhase section */

/* Begin PBXGroup section */
		90ADA0571C611B0100DE946B = {
			isa = PBXGroup;
			children = (
				90ADA0621C611B0100DE946B /* dropbox */,
				90ADA0611C611B0100DE946B /* Products */,
			);
			sourceTree = "<group>";
		};
		90ADA0611C611B0100DE946B /* Products */ = {
			isa = PBXGroup;
			children = (
				90ADA0601C611B0100DE946B /* dropbox.app */,
			);
			name = Products;
			sourceTree = "<group>";
		};
		90ADA0621C611B0100DE946B /* dropbox */ = {
			isa = PBXGroup;
			children = (
				90ADA0631C611B0100DE946B /* AppDelegate.swift */,
				90ADA0651C611B0100DE946B /* ViewController.swift */,
				90ADA0671C611B0100DE946B /* Main.storyboard */,
				90D287411C67AFF400824B0E /* welcomeViewController.swift */,
				90D2873F1C67AAFC00824B0E /* photosViewController.swift */,
				90D287311C66806700824B0E /* SettingsViewController.swift */,
				90D2872F1C6673F600824B0E /* CreateAccountViewController.swift */,
				90D2872D1C66711000824B0E /* SignInViewController.swift */,
				90D2872B1C66684900824B0E /* CreateAccountRootViewController.swift */,
				90D287291C6666FA00824B0E /* SignInRootViewController.swift */,
				90ADA06A1C611B0100DE946B /* Assets.xcassets */,
				90ADA06C1C611B0100DE946B /* LaunchScreen.storyboard */,
				90ADA06F1C611B0100DE946B /* Info.plist */,
			);
			path = dropbox;
			sourceTree = "<group>";
		};
/* End PBXGroup section */

/* Begin PBXNativeTarget section */
		90ADA05F1C611B0100DE946B /* dropbox */ = {
			isa = PBXNativeTarget;
			buildConfigurationList = 90ADA0721C611B0100DE946B /* Build configuration list for PBXNativeTarget "dropbox" */;
			buildPhases = (
				90ADA05C1C611B0100DE946B /* Sources */,
				90ADA05D1C611B0100DE946B /* Frameworks */,
				90ADA05E1C611B0100DE946B /* Resources */,
			);
			buildRules = (
			);
			dependencies = (
			);
			name = dropbox;
			productName = dropbox;
			productReference = 90ADA0601C611B0100DE946B /* dropbox.app */;
			productType = "com.apple.product-type.application";
		};
/* End PBXNativeTarget section */

/* Begin PBXProject section */
		90ADA0581C611B0100DE946B /* Project object */ = {
			isa = PBXProject;
			attributes = {
				LastSwiftUpdateCheck = 0710;
				LastUpgradeCheck = 0710;
				ORGANIZATIONNAME = "Brenda Chung";
				TargetAttributes = {
					90ADA05F1C611B0100DE946B = {
						CreatedOnToolsVersion = 7.1.1;
					};
				};
			};
			buildConfigurationList = 90ADA05B1C611B0100DE946B /* Build configuration list for PBXProject "dropbox" */;
			compatibilityVersion = "Xcode 3.2";
			developmentRegion = English;
			hasScannedForEncodings = 0;
			knownRegions = (
				en,
				Base,
			);
			mainGroup = 90ADA0571C611B0100DE946B;
			productRefGroup = 90ADA0611C611B0100DE946B /* Products */;
			projectDirPath = "";
			projectRoot = "";
			targets = (
				90ADA05F1C611B0100DE946B /* dropbox */,
			);
		};
/* End PBXProject section */

/* Begin PBXResourcesBuildPhase section */
		90ADA05E1C611B0100DE946B /* Resources */ = {
			isa = PBXResourcesBuildPhase;
			buildActionMask = 2147483647;
			files = (
				90ADA06E1C611B0100DE946B /* LaunchScreen.storyboard in Resources */,
				90ADA06B1C611B0100DE946B /* Assets.xcassets in Resources */,
				90ADA0691C611B0100DE946B /* Main.storyboard in Resources */,
			);
			runOnlyForDeploymentPostprocessing = 0;
		};
/* End PBXResourcesBuildPhase section */

/* Begin PBXSourcesBuildPhase section */
		90ADA05C1C611B0100DE946B /* Sources */ = {
			isa = PBXSourcesBuildPhase;
			buildActionMask = 2147483647;
			files = (
				90D287301C6673F600824B0E /* CreateAccountViewController.swift in Sources */,
				90D287401C67AAFC00824B0E /* photosViewController.swift in Sources */,
				90D2872C1C66684900824B0E /* CreateAccountRootViewController.swift in Sources */,
				90D287421C67AFF400824B0E /* welcomeViewController.swift in Sources */,
				90D287321C66806700824B0E /* SettingsViewController.swift in Sources */,
				90ADA0661C611B0100DE946B /* ViewController.swift in Sources */,
				90ADA0641C611B0100DE946B /* AppDelegate.swift in Sources */,
				90D2872E1C66711000824B0E /* SignInViewController.swift in Sources */,
				90D2872A1C6666FA00824B0E /* SignInRootViewController.swift in Sources */,
			);
			runOnlyForDeploymentPostprocessing = 0;
		};
/* End PBXSourcesBuildPhase section */

/* Begin PBXVariantGroup section */
		90ADA0671C611B0100DE946B /* Main.storyboard */ = {
			isa = PBXVariantGroup;
			children = (
				90ADA0681C611B0100DE946B /* Base */,
			);
			name = Main.storyboard;
			sourceTree = "<group>";
		};
		90ADA06C1C611B0100DE946B /* LaunchScreen.storyboard */ = {
			isa = PBXVariantGroup;
			children = (
				90ADA06D1C611B0100DE946B /* Base */,
			);
			name = LaunchScreen.storyboard;
			sourceTree = "<group>";
		};
/* End PBXVariantGroup section */

/* Begin XCBuildConfiguration section */
		90ADA0701C611B0100DE946B /* Debug */ = {
			isa = XCBuildConfiguration;
			buildSettings = {
				ALWAYS_SEARCH_USER_PATHS = NO;
				CLANG_CXX_LANGUAGE_STANDARD = "gnu++0x";
				CLANG_CXX_LIBRARY = "libc++";
				CLANG_ENABLE_MODULES = YES;
				CLANG_ENABLE_OBJC_ARC = YES;
				CLANG_WARN_BOOL_CONVERSION = YES;
				CLANG_WARN_CONSTANT_CONVERSION = YES;
				CLANG_WARN_DIRECT_OBJC_ISA_USAGE = YES_ERROR;
				CLANG_WARN_EMPTY_BODY = YES;
				CLANG_WARN_ENUM_CONVERSION = YES;
				CLANG_WARN_INT_CONVERSION = YES;
				CLANG_WARN_OBJC_ROOT_CLASS = YES_ERROR;
				CLANG_WARN_UNREACHABLE_CODE = YES;
				CLANG_WARN__DUPLICATE_METHOD_MATCH = YES;
				"CODE_SIGN_IDENTITY[sdk=iphoneos*]" = "iPhone Developer";
				COPY_PHASE_STRIP = NO;
				DEBUG_INFORMATION_FORMAT = dwarf;
				ENABLE_STRICT_OBJC_MSGSEND = YES;
				ENABLE_TESTABILITY = YES;
				GCC_C_LANGUAGE_STANDARD = gnu99;
				GCC_DYNAMIC_NO_PIC = NO;
				GCC_NO_COMMON_BLOCKS = YES;
				GCC_OPTIMIZATION_LEVEL = 0;
				GCC_PREPROCESSOR_DEFINITIONS = (
					"DEBUG=1",
					"$(inherited)",
				);
				GCC_WARN_64_TO_32_BIT_CONVERSION = YES;
				GCC_WARN_ABOUT_RETURN_TYPE = YES_ERROR;
				GCC_WARN_UNDECLARED_SELECTOR = YES;
				GCC_WARN_UNINITIALIZED_AUTOS = YES_AGGRESSIVE;
				GCC_WARN_UNUSED_FUNCTION = YES;
				GCC_WARN_UNUSED_VARIABLE = YES;
				IPHONEOS_DEPLOYMENT_TARGET = 9.1;
				MTL_ENABLE_DEBUG_INFO = YES;
				ONLY_ACTIVE_ARCH = YES;
				SDKROOT = iphoneos;
				SWIFT_OPTIMIZATION_LEVEL = "-Onone";
			};
			name = Debug;
		};
		90ADA0711C611B0100DE946B /* Release */ = {
			isa = XCBuildConfiguration;
			buildSettings = {
				ALWAYS_SEARCH_USER_PATHS = NO;
				CLANG_CXX_LANGUAGE_STANDARD = "gnu++0x";
				CLANG_CXX_LIBRARY = "libc++";
				CLANG_ENABLE_MODULES = YES;
				CLANG_ENABLE_OBJC_ARC = YES;
				CLANG_WARN_BOOL_CONVERSION = YES;
				CLANG_WARN_CONSTANT_CONVERSION = YES;
				CLANG_WARN_DIRECT_OBJC_ISA_USAGE = YES_ERROR;
				CLANG_WARN_EMPTY_BODY = YES;
				CLANG_WARN_ENUM_CONVERSION = YES;
				CLANG_WARN_INT_CONVERSION = YES;
				CLANG_WARN_OBJC_ROOT_CLASS = YES_ERROR;
				CLANG_WARN_UNREACHABLE_CODE = YES;
				CLANG_WARN__DUPLICATE_METHOD_MATCH = YES;
				"CODE_SIGN_IDENTITY[sdk=iphoneos*]" = "iPhone Developer";
				COPY_PHASE_STRIP = NO;
				DEBUG_INFORMATION_FORMAT = "dwarf-with-dsym";
				ENABLE_NS_ASSERTIONS = NO;
				ENABLE_STRICT_OBJC_MSGSEND = YES;
				GCC_C_LANGUAGE_STANDARD = gnu99;
				GCC_NO_COMMON_BLOCKS = YES;
				GCC_WARN_64_TO_32_BIT_CONVERSION = YES;
				GCC_WARN_ABOUT_RETURN_TYPE = YES_ERROR;
				GCC_WARN_UNDECLARED_SELECTOR = YES;
				GCC_WARN_UNINITIALIZED_AUTOS = YES_AGGRESSIVE;
				GCC_WARN_UNUSED_FUNCTION = YES;
				GCC_WARN_UNUSED_VARIABLE = YES;
				IPHONEOS_DEPLOYMENT_TARGET = 9.1;
				MTL_ENABLE_DEBUG_INFO = NO;
				SDKROOT = iphoneos;
				VALIDATE_PRODUCT = YES;
			};
			name = Release;
		};
		90ADA0731C611B0100DE946B /* Debug */ = {
			isa = XCBuildConfiguration;
			buildSettings = {
				ASSETCATALOG_COMPILER_APPICON_NAME = AppIcon;
				INFOPLIST_FILE = dropbox/Info.plist;
				LD_RUNPATH_SEARCH_PATHS = "$(inherited) @executable_path/Frameworks";
				PRODUCT_BUNDLE_IDENTIFIER = com.example.dropbox;
				PRODUCT_NAME = "$(TARGET_NAME)";
			};
			name = Debug;
		};
		90ADA0741C611B0100DE946B /* Release */ = {
			isa = XCBuildConfiguration;
			buildSettings = {
				ASSETCATALOG_COMPILER_APPICON_NAME = AppIcon;
				INFOPLIST_FILE = dropbox/Info.plist;
				LD_RUNPATH_SEARCH_PATHS = "$(inherited) @executable_path/Frameworks";
				PRODUCT_BUNDLE_IDENTIFIER = com.example.dropbox;
				PRODUCT_NAME = "$(TARGET_NAME)";
			};
			name = Release;
		};
/* End XCBuildConfiguration section */

/* Begin XCConfigurationList section */
		90ADA05B1C611B0100DE946B /* Build configuration list for PBXProject "dropbox" */ = {
			isa = XCConfigurationList;
			buildConfigurations = (
				90ADA0701C611B0100DE946B /* Debug */,
				90ADA0711C611B0100DE946B /* Release */,
			);
			defaultConfigurationIsVisible = 0;
			defaultConfigurationName = Release;
		};
		90ADA0721C611B0100DE946B /* Build configuration list for PBXNativeTarget "dropbox" */ = {
			isa = XCConfigurationList;
			buildConfigurations = (
				90ADA0731C611B0100DE946B /* Debug */,
				90ADA0741C611B0100DE946B /* Release */,
			);
			defaultConfigurationIsVisible = 0;
			defaultConfigurationName = Release;
		};
/* End XCConfigurationList section */
	};
	rootObject = 90ADA0581C611B0100DE946B /* Project object */;
}
